<Solution>
  <Folder Name="/src/">
    <Project Path="src/DaklaPack.Shipments.Api/DaklaPack.Shipments.Api.csproj" />
    <Project Path="src/DaklaPack.Shipments.Application/DaklaPack.Shipments.Application.csproj" />
    <Project Path="src/DaklaPack.Shipments.Domain/DaklaPack.Shipments.Domain.csproj" />
    <Project Path="src/DaklaPack.Shipments.Infrastructure/DaklaPack.Shipments.Infrastructure.csproj" />
  </Folder>
  <Folder Name="/tests/">
    <Project Path="tests/DaklaPack.Shipments.ArchitectureTests/DaklaPack.Shipments.ArchitectureTests.csproj" />
    <Project Path="tests/DaklaPack.Shipments.ContractTests/DaklaPack.Shipments.ContractTests.csproj" />
    <Project Path="tests/DaklaPack.Shipments.UnitTests/DaklaPack.Shipments.UnitTests.csproj" />
  </Folder>
</Solution>
